// !$*UTF8*$!
{
	archiveVersion = 1;
	classes = {
	};
	objectVersion = 50;
	objects = {

/* Begin PBXBuildFile section */
		2409381B2653F5E800A688AB /* SmuleFFmpegApp.swift in Sources */ = {isa = PBXBuildFile; fileRef = 240938082653F5E600A688AB /* SmuleFFmpegApp.swift */; };
		2409381C2653F5E800A688AB /* SmuleFFmpegApp.swift in Sources */ = {isa = PBXBuildFile; fileRef = 240938082653F5E600A688AB /* SmuleFFmpegApp.swift */; };
		2409381D2653F5E800A688AB /* ContentView.swift in Sources */ = {isa = PBXBuildFile; fileRef = 240938092653F5E600A688AB /* ContentView.swift */; };
		2409381E2653F5E800A688AB /* ContentView.swift in Sources */ = {isa = PBXBuildFile; fileRef = 240938092653F5E600A688AB /* ContentView.swift */; };
		2409381F2653F5E800A688AB /* Assets.xcassets in Resources */ = {isa = PBXBuildFile; fileRef = 2409380A2653F5E800A688AB /* Assets.xcassets */; };
		240938202653F5E800A688AB /* Assets.xcassets in Resources */ = {isa = PBXBuildFile; fileRef = 2409380A2653F5E800A688AB /* Assets.xcassets */; };
		2409382D2653F69100A688AB /* Decompressor.cpp in Sources */ = {isa = PBXBuildFile; fileRef = 2409382C2653F69100A688AB /* Decompressor.cpp */; };
		2409382F2653F83A00A688AB /* Decompressor.cpp in Sources */ = {isa = PBXBuildFile; fileRef = 2409382C2653F69100A688AB /* Decompressor.cpp */; };
		240938322653FA5200A688AB /* WavFile.cpp in Sources */ = {isa = PBXBuildFile; fileRef = 240938302653FA5200A688AB /* WavFile.cpp */; };
		240938332653FA5A00A688AB /* WavFile.cpp in Sources */ = {isa = PBXBuildFile; fileRef = 240938302653FA5200A688AB /* WavFile.cpp */; };
		2409383C2653FB1400A688AB /* libavdevice.a in Frameworks */ = {isa = PBXBuildFile; fileRef = 240938352653FB1400A688AB /* libavdevice.a */; };
		2409383D2653FB1400A688AB /* libavcodec.a in Frameworks */ = {isa = PBXBuildFile; fileRef = 240938362653FB1400A688AB /* libavcodec.a */; };
		2409383E2653FB1400A688AB /* libavfilter.a in Frameworks */ = {isa = PBXBuildFile; fileRef = 240938372653FB1400A688AB /* libavfilter.a */; };
		2409383F2653FB1400A688AB /* libswscale.a in Frameworks */ = {isa = PBXBuildFile; fileRef = 240938382653FB1400A688AB /* libswscale.a */; };
		240938402653FB1400A688AB /* libavutil.a in Frameworks */ = {isa = PBXBuildFile; fileRef = 240938392653FB1400A688AB /* libavutil.a */; };
		240938412653FB1400A688AB /* libswresample.a in Frameworks */ = {isa = PBXBuildFile; fileRef = 2409383A2653FB1400A688AB /* libswresample.a */; };
		240938422653FB1400A688AB /* libavformat.a in Frameworks */ = {isa = PBXBuildFile; fileRef = 2409383B2653FB1400A688AB /* libavformat.a */; };
		2409384F2653FC7000A688AB /* CoreImage.framework in Frameworks */ = {isa = PBXBuildFile; fileRef = 240938432653FC7000A688AB /* CoreImage.framework */; };
		240938502653FC7000A688AB /* Foundation.framework in Frameworks */ = {isa = PBXBuildFile; fileRef = 240938442653FC7000A688AB /* Foundation.framework */; };
		240938512653FC7000A688AB /* OpenGL.framework in Frameworks */ = {isa = PBXBuildFile; fileRef = 240938452653FC7000A688AB /* OpenGL.framework */; };
		240938522653FC7000A688AB /* CoreMedia.framework in Frameworks */ = {isa = PBXBuildFile; fileRef = 240938462653FC7000A688AB /* CoreMedia.framework */; };
		240938532653FC7000A688AB /* CoreGraphics.framework in Frameworks */ = {isa = PBXBuildFile; fileRef = 240938472653FC7000A688AB /* CoreGraphics.framework */; };
		240938542653FC7000A688AB /* CoreVideo.framework in Frameworks */ = {isa = PBXBuildFile; fileRef = 240938482653FC7000A688AB /* CoreVideo.framework */; };
		240938552653FC7000A688AB /* CoreFoundation.framework in Frameworks */ = {isa = PBXBuildFile; fileRef = 240938492653FC7000A688AB /* CoreFoundation.framework */; };
		240938562653FC7000A688AB /* Security.framework in Frameworks */ = {isa = PBXBuildFile; fileRef = 2409384A2653FC7000A688AB /* Security.framework */; };
		240938572653FC7000A688AB /* CoreAudio.framework in Frameworks */ = {isa = PBXBuildFile; fileRef = 2409384B2653FC7000A688AB /* CoreAudio.framework */; };
		240938582653FC7000A688AB /* AppKit.framework in Frameworks */ = {isa = PBXBuildFile; fileRef = 2409384C2653FC7000A688AB /* AppKit.framework */; };
		240938592653FC7000A688AB /* VideoToolbox.framework in Frameworks */ = {isa = PBXBuildFile; fileRef = 2409384D2653FC7000A688AB /* VideoToolbox.framework */; };
		2409385A2653FC7000A688AB /* AudioToolbox.framework in Frameworks */ = {isa = PBXBuildFile; fileRef = 2409384E2653FC7000A688AB /* AudioToolbox.framework */; };
		2409385F2653FD2A00A688AB /* libbz2.tbd in Frameworks */ = {isa = PBXBuildFile; fileRef = 2409385B2653FD2A00A688AB /* libbz2.tbd */; };
		240938602653FD2A00A688AB /* libz.tbd in Frameworks */ = {isa = PBXBuildFile; fileRef = 2409385C2653FD2A00A688AB /* libz.tbd */; };
		240938612653FD2A00A688AB /* libiconv.tbd in Frameworks */ = {isa = PBXBuildFile; fileRef = 2409385D2653FD2A00A688AB /* libiconv.tbd */; };
		240938622653FD2A00A688AB /* libobjc.tbd in Frameworks */ = {isa = PBXBuildFile; fileRef = 2409385E2653FD2A00A688AB /* libobjc.tbd */; };
		240938752653FDCA00A688AB /* libiconv.tbd in Frameworks */ = {isa = PBXBuildFile; fileRef = 240938712653FDCA00A688AB /* libiconv.tbd */; };
		240938762653FDCA00A688AB /* libz.tbd in Frameworks */ = {isa = PBXBuildFile; fileRef = 240938722653FDCA00A688AB /* libz.tbd */; };
		240938772653FDCA00A688AB /* libobjc.tbd in Frameworks */ = {isa = PBXBuildFile; fileRef = 240938732653FDCA00A688AB /* libobjc.tbd */; };
		240938782653FDCA00A688AB /* libbz2.tbd in Frameworks */ = {isa = PBXBuildFile; fileRef = 240938742653FDCA00A688AB /* libbz2.tbd */; };
		240938852653FECB00A688AB /* CoreGraphics.framework in Frameworks */ = {isa = PBXBuildFile; fileRef = 240938792653FECA00A688AB /* CoreGraphics.framework */; };
		240938862653FECB00A688AB /* CoreMedia.framework in Frameworks */ = {isa = PBXBuildFile; fileRef = 2409387A2653FECA00A688AB /* CoreMedia.framework */; };
		240938872653FECB00A688AB /* CoreVideo.framework in Frameworks */ = {isa = PBXBuildFile; fileRef = 2409387B2653FECA00A688AB /* CoreVideo.framework */; };
		240938882653FECB00A688AB /* Security.framework in Frameworks */ = {isa = PBXBuildFile; fileRef = 2409387C2653FECA00A688AB /* Security.framework */; };
		240938892653FECB00A688AB /* VideoToolbox.framework in Frameworks */ = {isa = PBXBuildFile; fileRef = 2409387D2653FECA00A688AB /* VideoToolbox.framework */; };
		2409388A2653FECB00A688AB /* CoreAudio.framework in Frameworks */ = {isa = PBXBuildFile; fileRef = 2409387E2653FECB00A688AB /* CoreAudio.framework */; };
		2409388B2653FECB00A688AB /* CoreFoundation.framework in Frameworks */ = {isa = PBXBuildFile; fileRef = 2409387F2653FECB00A688AB /* CoreFoundation.framework */; };
		2409388C2653FECB00A688AB /* Foundation.framework in Frameworks */ = {isa = PBXBuildFile; fileRef = 240938802653FECB00A688AB /* Foundation.framework */; };
		2409388D2653FECB00A688AB /* OpenGLES.framework in Frameworks */ = {isa = PBXBuildFile; fileRef = 240938812653FECB00A688AB /* OpenGLES.framework */; };
		2409388E2653FECB00A688AB /* AudioToolbox.framework in Frameworks */ = {isa = PBXBuildFile; fileRef = 240938822653FECB00A688AB /* AudioToolbox.framework */; };
		2409388F2653FECB00A688AB /* UIKit.framework in Frameworks */ = {isa = PBXBuildFile; fileRef = 240938832653FECB00A688AB /* UIKit.framework */; };
		240938902653FECB00A688AB /* CoreImage.framework in Frameworks */ = {isa = PBXBuildFile; fileRef = 240938842653FECB00A688AB /* CoreImage.framework */; };
		2409389A2654007400A688AB /* libavformat.a in Frameworks */ = {isa = PBXBuildFile; fileRef = 240938932654007400A688AB /* libavformat.a */; };
		2409389B2654007400A688AB /* libavutil.a in Frameworks */ = {isa = PBXBuildFile; fileRef = 240938942654007400A688AB /* libavutil.a */; };
		2409389C2654007400A688AB /* libavcodec.a in Frameworks */ = {isa = PBXBuildFile; fileRef = 240938952654007400A688AB /* libavcodec.a */; };
		2409389D2654007500A688AB /* libswresample.a in Frameworks */ = {isa = PBXBuildFile; fileRef = 240938962654007400A688AB /* libswresample.a */; };
		2409389E2654007500A688AB /* libswscale.a in Frameworks */ = {isa = PBXBuildFile; fileRef = 240938972654007400A688AB /* libswscale.a */; };
		2409389F2654007500A688AB /* libavdevice.a in Frameworks */ = {isa = PBXBuildFile; fileRef = 240938982654007400A688AB /* libavdevice.a */; };
		240938A02654007500A688AB /* libavfilter.a in Frameworks */ = {isa = PBXBuildFile; fileRef = 240938992654007400A688AB /* libavfilter.a */; };
		240938A42654064200A688AB /* test_short_vocal.m4a in Resources */ = {isa = PBXBuildFile; fileRef = 240938A32654064200A688AB /* test_short_vocal.m4a */; };
		240938A52654064200A688AB /* test_short_vocal.m4a in Resources */ = {isa = PBXBuildFile; fileRef = 240938A32654064200A688AB /* test_short_vocal.m4a */; };
		240938A7265406F700A688AB /* PersistanceModel.swift in Sources */ = {isa = PBXBuildFile; fileRef = 240938A6265406F700A688AB /* PersistanceModel.swift */; };
		240938A8265406F700A688AB /* PersistanceModel.swift in Sources */ = {isa = PBXBuildFile; fileRef = 240938A6265406F700A688AB /* PersistanceModel.swift */; };
		240938AA2654086400A688AB /* Dont stop me now.m4a in Resources */ = {isa = PBXBuildFile; fileRef = 240938A92654086400A688AB /* Dont stop me now.m4a */; };
		240938AB2654086400A688AB /* Dont stop me now.m4a in Resources */ = {isa = PBXBuildFile; fileRef = 240938A92654086400A688AB /* Dont stop me now.m4a */; };
		240938AE265412C500A688AB /* AudioQueuePlayer.c in Sources */ = {isa = PBXBuildFile; fileRef = 240938AD265412C500A688AB /* AudioQueuePlayer.c */; };
		240938AF265412C500A688AB /* AudioQueuePlayer.c in Sources */ = {isa = PBXBuildFile; fileRef = 240938AD265412C500A688AB /* AudioQueuePlayer.c */; };
		240938B2265414A000A688AB /* AudioFilePlayer.c in Sources */ = {isa = PBXBuildFile; fileRef = 240938B1265414A000A688AB /* AudioFilePlayer.c */; };
		240938B3265414A000A688AB /* AudioFilePlayer.c in Sources */ = {isa = PBXBuildFile; fileRef = 240938B1265414A000A688AB /* AudioFilePlayer.c */; };
		240938C32654C38400A688AB /* MTapDelayEffect.cpp in Sources */ = {isa = PBXBuildFile; fileRef = 240938C12654C38400A688AB /* MTapDelayEffect.cpp */; };
		240938C42654C38400A688AB /* MTapDelayEffect.cpp in Sources */ = {isa = PBXBuildFile; fileRef = 240938C12654C38400A688AB /* MTapDelayEffect.cpp */; };
		240938C72654ED6B00A688AB /* MTapDelayEffect_c_bridge.cpp in Sources */ = {isa = PBXBuildFile; fileRef = 240938C62654ED6B00A688AB /* MTapDelayEffect_c_bridge.cpp */; };
		240938C82654ED6B00A688AB /* MTapDelayEffect_c_bridge.cpp in Sources */ = {isa = PBXBuildFile; fileRef = 240938C62654ED6B00A688AB /* MTapDelayEffect_c_bridge.cpp */; };
/* End PBXBuildFile section */

/* Begin PBXFileReference section */
		240938082653F5E600A688AB /* SmuleFFmpegApp.swift */ = {isa = PBXFileReference; lastKnownFileType = sourcecode.swift; path = SmuleFFmpegApp.swift; sourceTree = "<group>"; };
		240938092653F5E600A688AB /* ContentView.swift */ = {isa = PBXFileReference; lastKnownFileType = sourcecode.swift; path = ContentView.swift; sourceTree = "<group>"; };
		2409380A2653F5E800A688AB /* Assets.xcassets */ = {isa = PBXFileReference; lastKnownFileType = folder.assetcatalog; path = Assets.xcassets; sourceTree = "<group>"; };
		2409380F2653F5E800A688AB /* SmuleFFmpeg.app */ = {isa = PBXFileReference; explicitFileType = wrapper.application; includeInIndex = 0; path = SmuleFFmpeg.app; sourceTree = BUILT_PRODUCTS_DIR; };
		240938122653F5E800A688AB /* Info.plist */ = {isa = PBXFileReference; lastKnownFileType = text.plist.xml; path = Info.plist; sourceTree = "<group>"; };
		240938172653F5E800A688AB /* SmuleFFmpeg.app */ = {isa = PBXFileReference; explicitFileType = wrapper.application; includeInIndex = 0; path = SmuleFFmpeg.app; sourceTree = BUILT_PRODUCTS_DIR; };
		240938192653F5E800A688AB /* Info.plist */ = {isa = PBXFileReference; lastKnownFileType = text.plist.xml; path = Info.plist; sourceTree = "<group>"; };
		2409382A2653F69000A688AB /* SmuleFFmpeg (iOS)-Bridging-Header.h */ = {isa = PBXFileReference; lastKnownFileType = sourcecode.c.h; path = "SmuleFFmpeg (iOS)-Bridging-Header.h"; sourceTree = "<group>"; };
		2409382B2653F69100A688AB /* Decompressor.h */ = {isa = PBXFileReference; lastKnownFileType = sourcecode.c.h; path = Decompressor.h; sourceTree = "<group>"; };
		2409382C2653F69100A688AB /* Decompressor.cpp */ = {isa = PBXFileReference; lastKnownFileType = sourcecode.cpp.cpp; path = Decompressor.cpp; sourceTree = "<group>"; };
		240938302653FA5200A688AB /* WavFile.cpp */ = {isa = PBXFileReference; fileEncoding = 4; lastKnownFileType = sourcecode.cpp.cpp; path = WavFile.cpp; sourceTree = "<group>"; };
		240938312653FA5200A688AB /* WavFile.h */ = {isa = PBXFileReference; fileEncoding = 4; lastKnownFileType = sourcecode.c.h; path = WavFile.h; sourceTree = "<group>"; };
		240938352653FB1400A688AB /* libavdevice.a */ = {isa = PBXFileReference; lastKnownFileType = archive.ar; name = libavdevice.a; path = ../ffmpeg/lib/x86_64/libavdevice.a; sourceTree = "<group>"; };
		240938362653FB1400A688AB /* libavcodec.a */ = {isa = PBXFileReference; lastKnownFileType = archive.ar; name = libavcodec.a; path = ../ffmpeg/lib/x86_64/libavcodec.a; sourceTree = "<group>"; };
		240938372653FB1400A688AB /* libavfilter.a */ = {isa = PBXFileReference; lastKnownFileType = archive.ar; name = libavfilter.a; path = ../ffmpeg/lib/x86_64/libavfilter.a; sourceTree = "<group>"; };
		240938382653FB1400A688AB /* libswscale.a */ = {isa = PBXFileReference; lastKnownFileType = archive.ar; name = libswscale.a; path = ../ffmpeg/lib/x86_64/libswscale.a; sourceTree = "<group>"; };
		240938392653FB1400A688AB /* libavutil.a */ = {isa = PBXFileReference; lastKnownFileType = archive.ar; name = libavutil.a; path = ../ffmpeg/lib/x86_64/libavutil.a; sourceTree = "<group>"; };
		2409383A2653FB1400A688AB /* libswresample.a */ = {isa = PBXFileReference; lastKnownFileType = archive.ar; name = libswresample.a; path = ../ffmpeg/lib/x86_64/libswresample.a; sourceTree = "<group>"; };
		2409383B2653FB1400A688AB /* libavformat.a */ = {isa = PBXFileReference; lastKnownFileType = archive.ar; name = libavformat.a; path = ../ffmpeg/lib/x86_64/libavformat.a; sourceTree = "<group>"; };
		240938432653FC7000A688AB /* CoreImage.framework */ = {isa = PBXFileReference; lastKnownFileType = wrapper.framework; name = CoreImage.framework; path = System/Library/Frameworks/CoreImage.framework; sourceTree = SDKROOT; };
		240938442653FC7000A688AB /* Foundation.framework */ = {isa = PBXFileReference; lastKnownFileType = wrapper.framework; name = Foundation.framework; path = System/Library/Frameworks/Foundation.framework; sourceTree = SDKROOT; };
		240938452653FC7000A688AB /* OpenGL.framework */ = {isa = PBXFileReference; lastKnownFileType = wrapper.framework; name = OpenGL.framework; path = System/Library/Frameworks/OpenGL.framework; sourceTree = SDKROOT; };
		240938462653FC7000A688AB /* CoreMedia.framework */ = {isa = PBXFileReference; lastKnownFileType = wrapper.framework; name = CoreMedia.framework; path = System/Library/Frameworks/CoreMedia.framework; sourceTree = SDKROOT; };
		240938472653FC7000A688AB /* CoreGraphics.framework */ = {isa = PBXFileReference; lastKnownFileType = wrapper.framework; name = CoreGraphics.framework; path = System/Library/Frameworks/CoreGraphics.framework; sourceTree = SDKROOT; };
		240938482653FC7000A688AB /* CoreVideo.framework */ = {isa = PBXFileReference; lastKnownFileType = wrapper.framework; name = CoreVideo.framework; path = System/Library/Frameworks/CoreVideo.framework; sourceTree = SDKROOT; };
		240938492653FC7000A688AB /* CoreFoundation.framework */ = {isa = PBXFileReference; lastKnownFileType = wrapper.framework; name = CoreFoundation.framework; path = System/Library/Frameworks/CoreFoundation.framework; sourceTree = SDKROOT; };
		2409384A2653FC7000A688AB /* Security.framework */ = {isa = PBXFileReference; lastKnownFileType = wrapper.framework; name = Security.framework; path = System/Library/Frameworks/Security.framework; sourceTree = SDKROOT; };
		2409384B2653FC7000A688AB /* CoreAudio.framework */ = {isa = PBXFileReference; lastKnownFileType = wrapper.framework; name = CoreAudio.framework; path = System/Library/Frameworks/CoreAudio.framework; sourceTree = SDKROOT; };
		2409384C2653FC7000A688AB /* AppKit.framework */ = {isa = PBXFileReference; lastKnownFileType = wrapper.framework; name = AppKit.framework; path = System/Library/Frameworks/AppKit.framework; sourceTree = SDKROOT; };
		2409384D2653FC7000A688AB /* VideoToolbox.framework */ = {isa = PBXFileReference; lastKnownFileType = wrapper.framework; name = VideoToolbox.framework; path = System/Library/Frameworks/VideoToolbox.framework; sourceTree = SDKROOT; };
		2409384E2653FC7000A688AB /* AudioToolbox.framework */ = {isa = PBXFileReference; lastKnownFileType = wrapper.framework; name = AudioToolbox.framework; path = System/Library/Frameworks/AudioToolbox.framework; sourceTree = SDKROOT; };
		2409385B2653FD2A00A688AB /* libbz2.tbd */ = {isa = PBXFileReference; lastKnownFileType = "sourcecode.text-based-dylib-definition"; name = libbz2.tbd; path = usr/lib/libbz2.tbd; sourceTree = SDKROOT; };
		2409385C2653FD2A00A688AB /* libz.tbd */ = {isa = PBXFileReference; lastKnownFileType = "sourcecode.text-based-dylib-definition"; name = libz.tbd; path = usr/lib/libz.tbd; sourceTree = SDKROOT; };
		2409385D2653FD2A00A688AB /* libiconv.tbd */ = {isa = PBXFileReference; lastKnownFileType = "sourcecode.text-based-dylib-definition"; name = libiconv.tbd; path = usr/lib/libiconv.tbd; sourceTree = SDKROOT; };
		2409385E2653FD2A00A688AB /* libobjc.tbd */ = {isa = PBXFileReference; lastKnownFileType = "sourcecode.text-based-dylib-definition"; name = libobjc.tbd; path = usr/lib/libobjc.tbd; sourceTree = SDKROOT; };
		240938632653FD8F00A688AB /* libavcodec.a */ = {isa = PBXFileReference; lastKnownFileType = archive.ar; name = libavcodec.a; path = "../ffmpeg/lib/arm64-iPhoneSimulator/libavcodec.a"; sourceTree = "<group>"; };
		240938642653FD8F00A688AB /* libavformat.a */ = {isa = PBXFileReference; lastKnownFileType = archive.ar; name = libavformat.a; path = "../ffmpeg/lib/arm64-iPhoneSimulator/libavformat.a"; sourceTree = "<group>"; };
		240938652653FD8F00A688AB /* libavdevice.a */ = {isa = PBXFileReference; lastKnownFileType = archive.ar; name = libavdevice.a; path = "../ffmpeg/lib/arm64-iPhoneSimulator/libavdevice.a"; sourceTree = "<group>"; };
		240938662653FD8F00A688AB /* libavutil.a */ = {isa = PBXFileReference; lastKnownFileType = archive.ar; name = libavutil.a; path = "../ffmpeg/lib/arm64-iPhoneSimulator/libavutil.a"; sourceTree = "<group>"; };
		240938672653FD8F00A688AB /* libswscale.a */ = {isa = PBXFileReference; lastKnownFileType = archive.ar; name = libswscale.a; path = "../ffmpeg/lib/arm64-iPhoneSimulator/libswscale.a"; sourceTree = "<group>"; };
		240938682653FD8F00A688AB /* libavfilter.a */ = {isa = PBXFileReference; lastKnownFileType = archive.ar; name = libavfilter.a; path = "../ffmpeg/lib/arm64-iPhoneSimulator/libavfilter.a"; sourceTree = "<group>"; };
		240938692653FD8F00A688AB /* libswresample.a */ = {isa = PBXFileReference; lastKnownFileType = archive.ar; name = libswresample.a; path = "../ffmpeg/lib/arm64-iPhoneSimulator/libswresample.a"; sourceTree = "<group>"; };
		240938712653FDCA00A688AB /* libiconv.tbd */ = {isa = PBXFileReference; lastKnownFileType = "sourcecode.text-based-dylib-definition"; name = libiconv.tbd; path = Platforms/iPhoneOS.platform/Developer/SDKs/iPhoneOS14.5.sdk/usr/lib/libiconv.tbd; sourceTree = DEVELOPER_DIR; };
		240938722653FDCA00A688AB /* libz.tbd */ = {isa = PBXFileReference; lastKnownFileType = "sourcecode.text-based-dylib-definition"; name = libz.tbd; path = Platforms/iPhoneOS.platform/Developer/SDKs/iPhoneOS14.5.sdk/usr/lib/libz.tbd; sourceTree = DEVELOPER_DIR; };
		240938732653FDCA00A688AB /* libobjc.tbd */ = {isa = PBXFileReference; lastKnownFileType = "sourcecode.text-based-dylib-definition"; name = libobjc.tbd; path = Platforms/iPhoneOS.platform/Developer/SDKs/iPhoneOS14.5.sdk/usr/lib/libobjc.tbd; sourceTree = DEVELOPER_DIR; };
		240938742653FDCA00A688AB /* libbz2.tbd */ = {isa = PBXFileReference; lastKnownFileType = "sourcecode.text-based-dylib-definition"; name = libbz2.tbd; path = Platforms/iPhoneOS.platform/Developer/SDKs/iPhoneOS14.5.sdk/usr/lib/libbz2.tbd; sourceTree = DEVELOPER_DIR; };
		240938792653FECA00A688AB /* CoreGraphics.framework */ = {isa = PBXFileReference; lastKnownFileType = wrapper.framework; name = CoreGraphics.framework; path = Platforms/iPhoneOS.platform/Developer/SDKs/iPhoneOS14.5.sdk/System/Library/Frameworks/CoreGraphics.framework; sourceTree = DEVELOPER_DIR; };
		2409387A2653FECA00A688AB /* CoreMedia.framework */ = {isa = PBXFileReference; lastKnownFileType = wrapper.framework; name = CoreMedia.framework; path = Platforms/iPhoneOS.platform/Developer/SDKs/iPhoneOS14.5.sdk/System/Library/Frameworks/CoreMedia.framework; sourceTree = DEVELOPER_DIR; };
		2409387B2653FECA00A688AB /* CoreVideo.framework */ = {isa = PBXFileReference; lastKnownFileType = wrapper.framework; name = CoreVideo.framework; path = Platforms/iPhoneOS.platform/Developer/SDKs/iPhoneOS14.5.sdk/System/Library/Frameworks/CoreVideo.framework; sourceTree = DEVELOPER_DIR; };
		2409387C2653FECA00A688AB /* Security.framework */ = {isa = PBXFileReference; lastKnownFileType = wrapper.framework; name = Security.framework; path = Platforms/iPhoneOS.platform/Developer/SDKs/iPhoneOS14.5.sdk/System/Library/Frameworks/Security.framework; sourceTree = DEVELOPER_DIR; };
		2409387D2653FECA00A688AB /* VideoToolbox.framework */ = {isa = PBXFileReference; lastKnownFileType = wrapper.framework; name = VideoToolbox.framework; path = Platforms/iPhoneOS.platform/Developer/SDKs/iPhoneOS14.5.sdk/System/Library/Frameworks/VideoToolbox.framework; sourceTree = DEVELOPER_DIR; };
		2409387E2653FECB00A688AB /* CoreAudio.framework */ = {isa = PBXFileReference; lastKnownFileType = wrapper.framework; name = CoreAudio.framework; path = Platforms/iPhoneOS.platform/Developer/SDKs/iPhoneOS14.5.sdk/System/Library/Frameworks/CoreAudio.framework; sourceTree = DEVELOPER_DIR; };
		2409387F2653FECB00A688AB /* CoreFoundation.framework */ = {isa = PBXFileReference; lastKnownFileType = wrapper.framework; name = CoreFoundation.framework; path = Platforms/iPhoneOS.platform/Developer/SDKs/iPhoneOS14.5.sdk/System/Library/Frameworks/CoreFoundation.framework; sourceTree = DEVELOPER_DIR; };
		240938802653FECB00A688AB /* Foundation.framework */ = {isa = PBXFileReference; lastKnownFileType = wrapper.framework; name = Foundation.framework; path = Platforms/iPhoneOS.platform/Developer/SDKs/iPhoneOS14.5.sdk/System/Library/Frameworks/Foundation.framework; sourceTree = DEVELOPER_DIR; };
		240938812653FECB00A688AB /* OpenGLES.framework */ = {isa = PBXFileReference; lastKnownFileType = wrapper.framework; name = OpenGLES.framework; path = Platforms/iPhoneOS.platform/Developer/SDKs/iPhoneOS14.5.sdk/System/Library/Frameworks/OpenGLES.framework; sourceTree = DEVELOPER_DIR; };
		240938822653FECB00A688AB /* AudioToolbox.framework */ = {isa = PBXFileReference; lastKnownFileType = wrapper.framework; name = AudioToolbox.framework; path = Platforms/iPhoneOS.platform/Developer/SDKs/iPhoneOS14.5.sdk/System/Library/Frameworks/AudioToolbox.framework; sourceTree = DEVELOPER_DIR; };
		240938832653FECB00A688AB /* UIKit.framework */ = {isa = PBXFileReference; lastKnownFileType = wrapper.framework; name = UIKit.framework; path = Platforms/iPhoneOS.platform/Developer/SDKs/iPhoneOS14.5.sdk/System/Library/Frameworks/UIKit.framework; sourceTree = DEVELOPER_DIR; };
		240938842653FECB00A688AB /* CoreImage.framework */ = {isa = PBXFileReference; lastKnownFileType = wrapper.framework; name = CoreImage.framework; path = Platforms/iPhoneOS.platform/Developer/SDKs/iPhoneOS14.5.sdk/System/Library/Frameworks/CoreImage.framework; sourceTree = DEVELOPER_DIR; };
		240938912654005D00A688AB /* x86_64-iPhoneSimulator */ = {isa = PBXFileReference; lastKnownFileType = folder; name = "x86_64-iPhoneSimulator"; path = "../ffmpeg/lib/x86_64-iPhoneSimulator"; sourceTree = "<group>"; };
		240938932654007400A688AB /* libavformat.a */ = {isa = PBXFileReference; lastKnownFileType = archive.ar; name = libavformat.a; path = "../ffmpeg/lib/x86_64-iPhoneSimulator/libavformat.a"; sourceTree = "<group>"; };
		240938942654007400A688AB /* libavutil.a */ = {isa = PBXFileReference; lastKnownFileType = archive.ar; name = libavutil.a; path = "../ffmpeg/lib/x86_64-iPhoneSimulator/libavutil.a"; sourceTree = "<group>"; };
		240938952654007400A688AB /* libavcodec.a */ = {isa = PBXFileReference; lastKnownFileType = archive.ar; name = libavcodec.a; path = "../ffmpeg/lib/x86_64-iPhoneSimulator/libavcodec.a"; sourceTree = "<group>"; };
		240938962654007400A688AB /* libswresample.a */ = {isa = PBXFileReference; lastKnownFileType = archive.ar; name = libswresample.a; path = "../ffmpeg/lib/x86_64-iPhoneSimulator/libswresample.a"; sourceTree = "<group>"; };
		240938972654007400A688AB /* libswscale.a */ = {isa = PBXFileReference; lastKnownFileType = archive.ar; name = libswscale.a; path = "../ffmpeg/lib/x86_64-iPhoneSimulator/libswscale.a"; sourceTree = "<group>"; };
		240938982654007400A688AB /* libavdevice.a */ = {isa = PBXFileReference; lastKnownFileType = archive.ar; name = libavdevice.a; path = "../ffmpeg/lib/x86_64-iPhoneSimulator/libavdevice.a"; sourceTree = "<group>"; };
		240938992654007400A688AB /* libavfilter.a */ = {isa = PBXFileReference; lastKnownFileType = archive.ar; name = libavfilter.a; path = "../ffmpeg/lib/x86_64-iPhoneSimulator/libavfilter.a"; sourceTree = "<group>"; };
		240938A22654026100A688AB /* SmuleFFmpeg (macOS)-Bridging-Header.h */ = {isa = PBXFileReference; lastKnownFileType = sourcecode.c.h; path = "SmuleFFmpeg (macOS)-Bridging-Header.h"; sourceTree = "<group>"; };
		240938A32654064200A688AB /* test_short_vocal.m4a */ = {isa = PBXFileReference; lastKnownFileType = file; path = test_short_vocal.m4a; sourceTree = "<group>"; };
		240938A6265406F700A688AB /* PersistanceModel.swift */ = {isa = PBXFileReference; lastKnownFileType = sourcecode.swift; path = PersistanceModel.swift; sourceTree = "<group>"; };
		240938A92654086400A688AB /* Dont stop me now.m4a */ = {isa = PBXFileReference; lastKnownFileType = file; path = "Dont stop me now.m4a"; sourceTree = "<group>"; };
		240938AC265412C500A688AB /* AudioQueuePlayer.h */ = {isa = PBXFileReference; fileEncoding = 4; lastKnownFileType = sourcecode.c.h; path = AudioQueuePlayer.h; sourceTree = "<group>"; };
		240938AD265412C500A688AB /* AudioQueuePlayer.c */ = {isa = PBXFileReference; fileEncoding = 4; lastKnownFileType = sourcecode.c.c; path = AudioQueuePlayer.c; sourceTree = "<group>"; };
		240938B0265414A000A688AB /* AudioFilePlayer.h */ = {isa = PBXFileReference; lastKnownFileType = sourcecode.c.h; path = AudioFilePlayer.h; sourceTree = "<group>"; };
		240938B1265414A000A688AB /* AudioFilePlayer.c */ = {isa = PBXFileReference; explicitFileType = sourcecode.cpp.cpp; path = AudioFilePlayer.c; sourceTree = "<group>"; };
		240938BE2654C30B00A688AB /* Effect.hpp */ = {isa = PBXFileReference; lastKnownFileType = sourcecode.cpp.h; path = Effect.hpp; sourceTree = "<group>"; };
		240938C12654C38400A688AB /* MTapDelayEffect.cpp */ = {isa = PBXFileReference; fileEncoding = 4; lastKnownFileType = sourcecode.cpp.cpp; path = MTapDelayEffect.cpp; sourceTree = "<group>"; };
		240938C22654C38400A688AB /* MTapDelayEffect.hpp */ = {isa = PBXFileReference; fileEncoding = 4; lastKnownFileType = sourcecode.cpp.h; path = MTapDelayEffect.hpp; sourceTree = "<group>"; };
		240938C52654EA3600A688AB /* MTapDelayEffect_c_bridge.h */ = {isa = PBXFileReference; lastKnownFileType = sourcecode.c.h; path = MTapDelayEffect_c_bridge.h; sourceTree = "<group>"; };
		240938C62654ED6B00A688AB /* MTapDelayEffect_c_bridge.cpp */ = {isa = PBXFileReference; lastKnownFileType = sourcecode.cpp.cpp; path = MTapDelayEffect_c_bridge.cpp; sourceTree = "<group>"; };
		240938C92655248500A688AB /* README */ = {isa = PBXFileReference; lastKnownFileType = text; path = README; sourceTree = "<group>"; };
/* End PBXFileReference section */

/* Begin PBXFrameworksBuildPhase section */
		2409380C2653F5E800A688AB /* Frameworks */ = {
			isa = PBXFrameworksBuildPhase;
			buildActionMask = 2147483647;
			files = (
				2409389A2654007400A688AB /* libavformat.a in Frameworks */,
				2409389B2654007400A688AB /* libavutil.a in Frameworks */,
				2409389C2654007400A688AB /* libavcodec.a in Frameworks */,
				2409389D2654007500A688AB /* libswresample.a in Frameworks */,
				2409389E2654007500A688AB /* libswscale.a in Frameworks */,
				2409389F2654007500A688AB /* libavdevice.a in Frameworks */,
				240938A02654007500A688AB /* libavfilter.a in Frameworks */,
				2409388F2653FECB00A688AB /* UIKit.framework in Frameworks */,
				2409388E2653FECB00A688AB /* AudioToolbox.framework in Frameworks */,
				2409388A2653FECB00A688AB /* CoreAudio.framework in Frameworks */,
				2409388B2653FECB00A688AB /* CoreFoundation.framework in Frameworks */,
				240938852653FECB00A688AB /* CoreGraphics.framework in Frameworks */,
				240938902653FECB00A688AB /* CoreImage.framework in Frameworks */,
				240938862653FECB00A688AB /* CoreMedia.framework in Frameworks */,
				240938872653FECB00A688AB /* CoreVideo.framework in Frameworks */,
				2409388C2653FECB00A688AB /* Foundation.framework in Frameworks */,
				2409388D2653FECB00A688AB /* OpenGLES.framework in Frameworks */,
				240938882653FECB00A688AB /* Security.framework in Frameworks */,
				240938892653FECB00A688AB /* VideoToolbox.framework in Frameworks */,
				240938752653FDCA00A688AB /* libiconv.tbd in Frameworks */,
				240938762653FDCA00A688AB /* libz.tbd in Frameworks */,
				240938772653FDCA00A688AB /* libobjc.tbd in Frameworks */,
				240938782653FDCA00A688AB /* libbz2.tbd in Frameworks */,
			);
			runOnlyForDeploymentPostprocessing = 0;
		};
		240938142653F5E800A688AB /* Frameworks */ = {
			isa = PBXFrameworksBuildPhase;
			buildActionMask = 2147483647;
			files = (
				2409385F2653FD2A00A688AB /* libbz2.tbd in Frameworks */,
				240938612653FD2A00A688AB /* libiconv.tbd in Frameworks */,
				240938622653FD2A00A688AB /* libobjc.tbd in Frameworks */,
				240938602653FD2A00A688AB /* libz.tbd in Frameworks */,
				2409384F2653FC7000A688AB /* CoreImage.framework in Frameworks */,
				240938502653FC7000A688AB /* Foundation.framework in Frameworks */,
				240938512653FC7000A688AB /* OpenGL.framework in Frameworks */,
				240938522653FC7000A688AB /* CoreMedia.framework in Frameworks */,
				240938532653FC7000A688AB /* CoreGraphics.framework in Frameworks */,
				240938542653FC7000A688AB /* CoreVideo.framework in Frameworks */,
				240938552653FC7000A688AB /* CoreFoundation.framework in Frameworks */,
				240938562653FC7000A688AB /* Security.framework in Frameworks */,
				240938572653FC7000A688AB /* CoreAudio.framework in Frameworks */,
				240938582653FC7000A688AB /* AppKit.framework in Frameworks */,
				240938592653FC7000A688AB /* VideoToolbox.framework in Frameworks */,
				2409385A2653FC7000A688AB /* AudioToolbox.framework in Frameworks */,
				2409383C2653FB1400A688AB /* libavdevice.a in Frameworks */,
				2409383D2653FB1400A688AB /* libavcodec.a in Frameworks */,
				2409383E2653FB1400A688AB /* libavfilter.a in Frameworks */,
				2409383F2653FB1400A688AB /* libswscale.a in Frameworks */,
				240938402653FB1400A688AB /* libavutil.a in Frameworks */,
				240938412653FB1400A688AB /* libswresample.a in Frameworks */,
				240938422653FB1400A688AB /* libavformat.a in Frameworks */,
			);
			runOnlyForDeploymentPostprocessing = 0;
		};
/* End PBXFrameworksBuildPhase section */

/* Begin PBXGroup section */
		240938022653F5E500A688AB = {
			isa = PBXGroup;
			children = (
				240938C92655248500A688AB /* README */,
				240938B82654BB8600A688AB /* Effects */,
				240938A12654015400A688AB /* Resources */,
				240938292653F62700A688AB /* Toolbox */,
				240938072653F5E600A688AB /* Shared */,
				240938112653F5E800A688AB /* iOS */,
				240938182653F5E800A688AB /* macOS */,
				240938102653F5E800A688AB /* Products */,
				240938342653FB1400A688AB /* Frameworks */,
			);
			sourceTree = "<group>";
		};
		240938072653F5E600A688AB /* Shared */ = {
			isa = PBXGroup;
			children = (
				240938082653F5E600A688AB /* SmuleFFmpegApp.swift */,
				240938092653F5E600A688AB /* ContentView.swift */,
				240938A6265406F700A688AB /* PersistanceModel.swift */,
				2409380A2653F5E800A688AB /* Assets.xcassets */,
			);
			path = Shared;
			sourceTree = "<group>";
		};
		240938102653F5E800A688AB /* Products */ = {
			isa = PBXGroup;
			children = (
				2409380F2653F5E800A688AB /* SmuleFFmpeg.app */,
				240938172653F5E800A688AB /* SmuleFFmpeg.app */,
			);
			name = Products;
			sourceTree = "<group>";
		};
		240938112653F5E800A688AB /* iOS */ = {
			isa = PBXGroup;
			children = (
				240938122653F5E800A688AB /* Info.plist */,
				2409382A2653F69000A688AB /* SmuleFFmpeg (iOS)-Bridging-Header.h */,
			);
			path = iOS;
			sourceTree = "<group>";
		};
		240938182653F5E800A688AB /* macOS */ = {
			isa = PBXGroup;
			children = (
				240938192653F5E800A688AB /* Info.plist */,
				240938A22654026100A688AB /* SmuleFFmpeg (macOS)-Bridging-Header.h */,
			);
			path = macOS;
			sourceTree = "<group>";
		};
		240938292653F62700A688AB /* Toolbox */ = {
			isa = PBXGroup;
			children = (
				240938B0265414A000A688AB /* AudioFilePlayer.h */,
				240938B1265414A000A688AB /* AudioFilePlayer.c */,
				240938AC265412C500A688AB /* AudioQueuePlayer.h */,
				240938AD265412C500A688AB /* AudioQueuePlayer.c */,
				2409382B2653F69100A688AB /* Decompressor.h */,
				2409382C2653F69100A688AB /* Decompressor.cpp */,
				240938312653FA5200A688AB /* WavFile.h */,
				240938302653FA5200A688AB /* WavFile.cpp */,
			);
			path = Toolbox;
			sourceTree = "<group>";
		};
		240938342653FB1400A688AB /* Frameworks */ = {
			isa = PBXGroup;
			children = (
				240938952654007400A688AB /* libavcodec.a */,
				240938982654007400A688AB /* libavdevice.a */,
				240938992654007400A688AB /* libavfilter.a */,
				240938932654007400A688AB /* libavformat.a */,
				240938942654007400A688AB /* libavutil.a */,
				240938962654007400A688AB /* libswresample.a */,
				240938972654007400A688AB /* libswscale.a */,
				240938912654005D00A688AB /* x86_64-iPhoneSimulator */,
				240938822653FECB00A688AB /* AudioToolbox.framework */,
				2409387E2653FECB00A688AB /* CoreAudio.framework */,
				2409387F2653FECB00A688AB /* CoreFoundation.framework */,
				240938792653FECA00A688AB /* CoreGraphics.framework */,
				240938842653FECB00A688AB /* CoreImage.framework */,
				2409387A2653FECA00A688AB /* CoreMedia.framework */,
				2409387B2653FECA00A688AB /* CoreVideo.framework */,
				240938802653FECB00A688AB /* Foundation.framework */,
				240938812653FECB00A688AB /* OpenGLES.framework */,
				2409387C2653FECA00A688AB /* Security.framework */,
				240938832653FECB00A688AB /* UIKit.framework */,
				2409387D2653FECA00A688AB /* VideoToolbox.framework */,
				240938742653FDCA00A688AB /* libbz2.tbd */,
				240938712653FDCA00A688AB /* libiconv.tbd */,
				240938732653FDCA00A688AB /* libobjc.tbd */,
				240938722653FDCA00A688AB /* libz.tbd */,
				240938632653FD8F00A688AB /* libavcodec.a */,
				240938652653FD8F00A688AB /* libavdevice.a */,
				240938682653FD8F00A688AB /* libavfilter.a */,
				240938642653FD8F00A688AB /* libavformat.a */,
				240938662653FD8F00A688AB /* libavutil.a */,
				240938692653FD8F00A688AB /* libswresample.a */,
				240938672653FD8F00A688AB /* libswscale.a */,
				2409385B2653FD2A00A688AB /* libbz2.tbd */,
				2409385D2653FD2A00A688AB /* libiconv.tbd */,
				2409385E2653FD2A00A688AB /* libobjc.tbd */,
				2409385C2653FD2A00A688AB /* libz.tbd */,
				2409384C2653FC7000A688AB /* AppKit.framework */,
				2409384E2653FC7000A688AB /* AudioToolbox.framework */,
				2409384B2653FC7000A688AB /* CoreAudio.framework */,
				240938492653FC7000A688AB /* CoreFoundation.framework */,
				240938472653FC7000A688AB /* CoreGraphics.framework */,
				240938432653FC7000A688AB /* CoreImage.framework */,
				240938462653FC7000A688AB /* CoreMedia.framework */,
				240938482653FC7000A688AB /* CoreVideo.framework */,
				240938442653FC7000A688AB /* Foundation.framework */,
				240938452653FC7000A688AB /* OpenGL.framework */,
				2409384A2653FC7000A688AB /* Security.framework */,
				2409384D2653FC7000A688AB /* VideoToolbox.framework */,
				240938362653FB1400A688AB /* libavcodec.a */,
				240938352653FB1400A688AB /* libavdevice.a */,
				240938372653FB1400A688AB /* libavfilter.a */,
				2409383B2653FB1400A688AB /* libavformat.a */,
				240938392653FB1400A688AB /* libavutil.a */,
				2409383A2653FB1400A688AB /* libswresample.a */,
				240938382653FB1400A688AB /* libswscale.a */,
			);
			name = Frameworks;
			sourceTree = "<group>";
		};
		240938A12654015400A688AB /* Resources */ = {
			isa = PBXGroup;
			children = (
				240938A32654064200A688AB /* test_short_vocal.m4a */,
				240938A92654086400A688AB /* Dont stop me now.m4a */,
			);
			path = Resources;
			sourceTree = "<group>";
		};
		240938B82654BB8600A688AB /* Effects */ = {
			isa = PBXGroup;
			children = (
				240938BE2654C30B00A688AB /* Effect.hpp */,
				240938C22654C38400A688AB /* MTapDelayEffect.hpp */,
				240938C12654C38400A688AB /* MTapDelayEffect.cpp */,
				240938C52654EA3600A688AB /* MTapDelayEffect_c_bridge.h */,
				240938C62654ED6B00A688AB /* MTapDelayEffect_c_bridge.cpp */,
			);
			path = Effects;
			sourceTree = "<group>";
		};
/* End PBXGroup section */

/* Begin PBXNativeTarget section */
		2409380E2653F5E800A688AB /* SmuleFFmpeg (iOS) */ = {
			isa = PBXNativeTarget;
			buildConfigurationList = 240938232653F5E800A688AB /* Build configuration list for PBXNativeTarget "SmuleFFmpeg (iOS)" */;
			buildPhases = (
				2409380B2653F5E800A688AB /* Sources */,
				2409380C2653F5E800A688AB /* Frameworks */,
				2409380D2653F5E800A688AB /* Resources */,
			);
			buildRules = (
			);
			dependencies = (
			);
			name = "SmuleFFmpeg (iOS)";
			productName = "SmuleFFmpeg (iOS)";
			productReference = 2409380F2653F5E800A688AB /* SmuleFFmpeg.app */;
			productType = "com.apple.product-type.application";
		};
		240938162653F5E800A688AB /* SmuleFFmpeg (macOS) */ = {
			isa = PBXNativeTarget;
			buildConfigurationList = 240938262653F5E800A688AB /* Build configuration list for PBXNativeTarget "SmuleFFmpeg (macOS)" */;
			buildPhases = (
				240938132653F5E800A688AB /* Sources */,
				240938142653F5E800A688AB /* Frameworks */,
				240938152653F5E800A688AB /* Resources */,
			);
			buildRules = (
			);
			dependencies = (
			);
			name = "SmuleFFmpeg (macOS)";
			productName = "SmuleFFmpeg (macOS)";
			productReference = 240938172653F5E800A688AB /* SmuleFFmpeg.app */;
			productType = "com.apple.product-type.application";
		};
/* End PBXNativeTarget section */

/* Begin PBXProject section */
		240938032653F5E500A688AB /* Project object */ = {
			isa = PBXProject;
			attributes = {
				LastSwiftUpdateCheck = 1250;
				LastUpgradeCheck = 1250;
				TargetAttributes = {
					2409380E2653F5E800A688AB = {
						CreatedOnToolsVersion = 12.5;
						LastSwiftMigration = 1250;
					};
					240938162653F5E800A688AB = {
						CreatedOnToolsVersion = 12.5;
					};
				};
			};
			buildConfigurationList = 240938062653F5E500A688AB /* Build configuration list for PBXProject "SmuleFFmpeg" */;
			compatibilityVersion = "Xcode 9.3";
			developmentRegion = en;
			hasScannedForEncodings = 0;
			knownRegions = (
				en,
				Base,
			);
			mainGroup = 240938022653F5E500A688AB;
			productRefGroup = 240938102653F5E800A688AB /* Products */;
			projectDirPath = "";
			projectRoot = "";
			targets = (
				2409380E2653F5E800A688AB /* SmuleFFmpeg (iOS) */,
				240938162653F5E800A688AB /* SmuleFFmpeg (macOS) */,
			);
		};
/* End PBXProject section */

/* Begin PBXResourcesBuildPhase section */
		2409380D2653F5E800A688AB /* Resources */ = {
			isa = PBXResourcesBuildPhase;
			buildActionMask = 2147483647;
			files = (
				2409381F2653F5E800A688AB /* Assets.xcassets in Resources */,
				240938A42654064200A688AB /* test_short_vocal.m4a in Resources */,
				240938AA2654086400A688AB /* Dont stop me now.m4a in Resources */,
			);
			runOnlyForDeploymentPostprocessing = 0;
		};
		240938152653F5E800A688AB /* Resources */ = {
			isa = PBXResourcesBuildPhase;
			buildActionMask = 2147483647;
			files = (
				240938202653F5E800A688AB /* Assets.xcassets in Resources */,
				240938A52654064200A688AB /* test_short_vocal.m4a in Resources */,
				240938AB2654086400A688AB /* Dont stop me now.m4a in Resources */,
			);
			runOnlyForDeploymentPostprocessing = 0;
		};
/* End PBXResourcesBuildPhase section */

/* Begin PBXSourcesBuildPhase section */
		2409380B2653F5E800A688AB /* Sources */ = {
			isa = PBXSourcesBuildPhase;
			buildActionMask = 2147483647;
			files = (
				240938A7265406F700A688AB /* PersistanceModel.swift in Sources */,
				2409382D2653F69100A688AB /* Decompressor.cpp in Sources */,
				240938C32654C38400A688AB /* MTapDelayEffect.cpp in Sources */,
				2409381D2653F5E800A688AB /* ContentView.swift in Sources */,
				240938C72654ED6B00A688AB /* MTapDelayEffect_c_bridge.cpp in Sources */,
				240938332653FA5A00A688AB /* WavFile.cpp in Sources */,
				240938B2265414A000A688AB /* AudioFilePlayer.c in Sources */,
				2409381B2653F5E800A688AB /* SmuleFFmpegApp.swift in Sources */,
				240938AE265412C500A688AB /* AudioQueuePlayer.c in Sources */,
			);
			runOnlyForDeploymentPostprocessing = 0;
		};
		240938132653F5E800A688AB /* Sources */ = {
			isa = PBXSourcesBuildPhase;
			buildActionMask = 2147483647;
			files = (
				240938A8265406F700A688AB /* PersistanceModel.swift in Sources */,
				2409381E2653F5E800A688AB /* ContentView.swift in Sources */,
				240938C42654C38400A688AB /* MTapDelayEffect.cpp in Sources */,
				2409382F2653F83A00A688AB /* Decompressor.cpp in Sources */,
				240938C82654ED6B00A688AB /* MTapDelayEffect_c_bridge.cpp in Sources */,
				240938322653FA5200A688AB /* WavFile.cpp in Sources */,
				240938B3265414A000A688AB /* AudioFilePlayer.c in Sources */,
				2409381C2653F5E800A688AB /* SmuleFFmpegApp.swift in Sources */,
				240938AF265412C500A688AB /* AudioQueuePlayer.c in Sources */,
			);
			runOnlyForDeploymentPostprocessing = 0;
		};
/* End PBXSourcesBuildPhase section */

/* Begin XCBuildConfiguration section */
		240938212653F5E800A688AB /* Debug */ = {
			isa = XCBuildConfiguration;
			buildSettings = {
				ALWAYS_SEARCH_USER_PATHS = NO;
				CLANG_ANALYZER_NONNULL = YES;
				CLANG_ANALYZER_NUMBER_OBJECT_CONVERSION = YES_AGGRESSIVE;
				CLANG_CXX_LANGUAGE_STANDARD = "gnu++14";
				CLANG_CXX_LIBRARY = "libc++";
				CLANG_ENABLE_MODULES = YES;
				CLANG_ENABLE_OBJC_ARC = YES;
				CLANG_ENABLE_OBJC_WEAK = YES;
				CLANG_WARN_BLOCK_CAPTURE_AUTORELEASING = YES;
				CLANG_WARN_BOOL_CONVERSION = YES;
				CLANG_WARN_COMMA = YES;
				CLANG_WARN_CONSTANT_CONVERSION = YES;
				CLANG_WARN_DEPRECATED_OBJC_IMPLEMENTATIONS = YES;
				CLANG_WARN_DIRECT_OBJC_ISA_USAGE = YES_ERROR;
				CLANG_WARN_DOCUMENTATION_COMMENTS = YES;
				CLANG_WARN_EMPTY_BODY = YES;
				CLANG_WARN_ENUM_CONVERSION = YES;
				CLANG_WARN_INFINITE_RECURSION = YES;
				CLANG_WARN_INT_CONVERSION = YES;
				CLANG_WARN_NON_LITERAL_NULL_CONVERSION = YES;
				CLANG_WARN_OBJC_IMPLICIT_RETAIN_SELF = YES;
				CLANG_WARN_OBJC_LITERAL_CONVERSION = YES;
				CLANG_WARN_OBJC_ROOT_CLASS = YES_ERROR;
				CLANG_WARN_QUOTED_INCLUDE_IN_FRAMEWORK_HEADER = YES;
				CLANG_WARN_RANGE_LOOP_ANALYSIS = YES;
				CLANG_WARN_STRICT_PROTOTYPES = YES;
				CLANG_WARN_SUSPICIOUS_MOVE = YES;
				CLANG_WARN_UNGUARDED_AVAILABILITY = YES_AGGRESSIVE;
				CLANG_WARN_UNREACHABLE_CODE = YES;
				CLANG_WARN__DUPLICATE_METHOD_MATCH = YES;
				COPY_PHASE_STRIP = NO;
				DEBUG_INFORMATION_FORMAT = dwarf;
				ENABLE_STRICT_OBJC_MSGSEND = YES;
				ENABLE_TESTABILITY = YES;
				GCC_C_LANGUAGE_STANDARD = gnu11;
				GCC_DYNAMIC_NO_PIC = NO;
				GCC_NO_COMMON_BLOCKS = YES;
				GCC_OPTIMIZATION_LEVEL = 0;
				GCC_PREPROCESSOR_DEFINITIONS = (
					"DEBUG=1",
					"$(inherited)",
				);
				GCC_WARN_64_TO_32_BIT_CONVERSION = YES;
				GCC_WARN_ABOUT_RETURN_TYPE = YES_ERROR;
				GCC_WARN_UNDECLARED_SELECTOR = YES;
				GCC_WARN_UNINITIALIZED_AUTOS = YES_AGGRESSIVE;
				GCC_WARN_UNUSED_FUNCTION = YES;
				GCC_WARN_UNUSED_VARIABLE = YES;
				MTL_ENABLE_DEBUG_INFO = INCLUDE_SOURCE;
				MTL_FAST_MATH = YES;
				ONLY_ACTIVE_ARCH = YES;
				SWIFT_ACTIVE_COMPILATION_CONDITIONS = DEBUG;
				SWIFT_OPTIMIZATION_LEVEL = "-Onone";
			};
			name = Debug;
		};
		240938222653F5E800A688AB /* Release */ = {
			isa = XCBuildConfiguration;
			buildSettings = {
				ALWAYS_SEARCH_USER_PATHS = NO;
				CLANG_ANALYZER_NONNULL = YES;
				CLANG_ANALYZER_NUMBER_OBJECT_CONVERSION = YES_AGGRESSIVE;
				CLANG_CXX_LANGUAGE_STANDARD = "gnu++14";
				CLANG_CXX_LIBRARY = "libc++";
				CLANG_ENABLE_MODULES = YES;
				CLANG_ENABLE_OBJC_ARC = YES;
				CLANG_ENABLE_OBJC_WEAK = YES;
				CLANG_WARN_BLOCK_CAPTURE_AUTORELEASING = YES;
				CLANG_WARN_BOOL_CONVERSION = YES;
				CLANG_WARN_COMMA = YES;
				CLANG_WARN_CONSTANT_CONVERSION = YES;
				CLANG_WARN_DEPRECATED_OBJC_IMPLEMENTATIONS = YES;
				CLANG_WARN_DIRECT_OBJC_ISA_USAGE = YES_ERROR;
				CLANG_WARN_DOCUMENTATION_COMMENTS = YES;
				CLANG_WARN_EMPTY_BODY = YES;
				CLANG_WARN_ENUM_CONVERSION = YES;
				CLANG_WARN_INFINITE_RECURSION = YES;
				CLANG_WARN_INT_CONVERSION = YES;
				CLANG_WARN_NON_LITERAL_NULL_CONVERSION = YES;
				CLANG_WARN_OBJC_IMPLICIT_RETAIN_SELF = YES;
				CLANG_WARN_OBJC_LITERAL_CONVERSION = YES;
				CLANG_WARN_OBJC_ROOT_CLASS = YES_ERROR;
				CLANG_WARN_QUOTED_INCLUDE_IN_FRAMEWORK_HEADER = YES;
				CLANG_WARN_RANGE_LOOP_ANALYSIS = YES;
				CLANG_WARN_STRICT_PROTOTYPES = YES;
				CLANG_WARN_SUSPICIOUS_MOVE = YES;
				CLANG_WARN_UNGUARDED_AVAILABILITY = YES_AGGRESSIVE;
				CLANG_WARN_UNREACHABLE_CODE = YES;
				CLANG_WARN__DUPLICATE_METHOD_MATCH = YES;
				COPY_PHASE_STRIP = NO;
				DEBUG_INFORMATION_FORMAT = "dwarf-with-dsym";
				ENABLE_NS_ASSERTIONS = NO;
				ENABLE_STRICT_OBJC_MSGSEND = YES;
				GCC_C_LANGUAGE_STANDARD = gnu11;
				GCC_NO_COMMON_BLOCKS = YES;
				GCC_WARN_64_TO_32_BIT_CONVERSION = YES;
				GCC_WARN_ABOUT_RETURN_TYPE = YES_ERROR;
				GCC_WARN_UNDECLARED_SELECTOR = YES;
				GCC_WARN_UNINITIALIZED_AUTOS = YES_AGGRESSIVE;
				GCC_WARN_UNUSED_FUNCTION = YES;
				GCC_WARN_UNUSED_VARIABLE = YES;
				MTL_ENABLE_DEBUG_INFO = NO;
				MTL_FAST_MATH = YES;
				SWIFT_COMPILATION_MODE = wholemodule;
				SWIFT_OPTIMIZATION_LEVEL = "-O";
			};
			name = Release;
		};
		240938242653F5E800A688AB /* Debug */ = {
			isa = XCBuildConfiguration;
			buildSettings = {
				ASSETCATALOG_COMPILER_APPICON_NAME = AppIcon;
				ASSETCATALOG_COMPILER_GLOBAL_ACCENT_COLOR_NAME = AccentColor;
				CLANG_ENABLE_MODULES = YES;
				CODE_SIGN_STYLE = Automatic;
				DEVELOPMENT_TEAM = P3XJZ67L72;
				ENABLE_PREVIEWS = YES;
				HEADER_SEARCH_PATHS = "${PROJECT_DIR}/../ffmpeg/include";
				INFOPLIST_FILE = iOS/Info.plist;
				IPHONEOS_DEPLOYMENT_TARGET = 14.0;
				LD_RUNPATH_SEARCH_PATHS = (
					"$(inherited)",
					"@executable_path/Frameworks",
				);
				LIBRARY_SEARCH_PATHS = "${PROJECT_DIR}/../ffmpeg/lib/x86_64-iPhoneSimulator";
				PRODUCT_BUNDLE_IDENTIFIER = com.test.test.SmuleFFmpeg;
				PRODUCT_NAME = SmuleFFmpeg;
				SDKROOT = iphoneos;
				SWIFT_OBJC_BRIDGING_HEADER = "iOS/SmuleFFmpeg (iOS)-Bridging-Header.h";
				SWIFT_OPTIMIZATION_LEVEL = "-Onone";
				SWIFT_VERSION = 5.0;
				TARGETED_DEVICE_FAMILY = "1,2";
			};
			name = Debug;
		};
		240938252653F5E800A688AB /* Release */ = {
			isa = XCBuildConfiguration;
			buildSettings = {
				ASSETCATALOG_COMPILER_APPICON_NAME = AppIcon;
				ASSETCATALOG_COMPILER_GLOBAL_ACCENT_COLOR_NAME = AccentColor;
				CLANG_ENABLE_MODULES = YES;
				CODE_SIGN_STYLE = Automatic;
				DEVELOPMENT_TEAM = P3XJZ67L72;
				ENABLE_PREVIEWS = YES;
				HEADER_SEARCH_PATHS = "${PROJECT_DIR}/../ffmpeg/include";
				INFOPLIST_FILE = iOS/Info.plist;
				IPHONEOS_DEPLOYMENT_TARGET = 14.0;
				LD_RUNPATH_SEARCH_PATHS = (
					"$(inherited)",
					"@executable_path/Frameworks",
				);
				LIBRARY_SEARCH_PATHS = "${PROJECT_DIR}/../ffmpeg/lib/x86_64-iPhoneSimulator";
				PRODUCT_BUNDLE_IDENTIFIER = com.test.test.SmuleFFmpeg;
				PRODUCT_NAME = SmuleFFmpeg;
				SDKROOT = iphoneos;
				SWIFT_OBJC_BRIDGING_HEADER = "iOS/SmuleFFmpeg (iOS)-Bridging-Header.h";
				SWIFT_VERSION = 5.0;
				TARGETED_DEVICE_FAMILY = "1,2";
				VALIDATE_PRODUCT = YES;
			};
			name = Release;
		};
		240938272653F5E800A688AB /* Debug */ = {
			isa = XCBuildConfiguration;
			buildSettings = {
				ASSETCATALOG_COMPILER_APPICON_NAME = AppIcon;
				ASSETCATALOG_COMPILER_GLOBAL_ACCENT_COLOR_NAME = AccentColor;
				CODE_SIGN_ENTITLEMENTS = macOS/macOS.entitlements;
				CODE_SIGN_IDENTITY = "-";
				CODE_SIGN_STYLE = Automatic;
				COMBINE_HIDPI_IMAGES = YES;
				DEVELOPMENT_TEAM = P3XJZ67L72;
				ENABLE_HARDENED_RUNTIME = YES;
				ENABLE_PREVIEWS = YES;
				HEADER_SEARCH_PATHS = "${PROJECT_DIR}/../ffmpeg/include";
				INFOPLIST_FILE = macOS/Info.plist;
				LD_RUNPATH_SEARCH_PATHS = (
					"$(inherited)",
					"@executable_path/../Frameworks",
				);
				LIBRARY_SEARCH_PATHS = "${PROJECT_DIR}/../ffmpeg/lib/x86_64";
				MACOSX_DEPLOYMENT_TARGET = 11.0;
				PRODUCT_BUNDLE_IDENTIFIER = com.test.test.SmuleFFmpeg;
				PRODUCT_NAME = SmuleFFmpeg;
				SDKROOT = macosx;
				SWIFT_OBJC_BRIDGING_HEADER = "macOS/SmuleFFmpeg (macOS)-Bridging-Header.h";
				SWIFT_VERSION = 5.0;
			};
			name = Debug;
		};
		240938282653F5E800A688AB /* Release */ = {
			isa = XCBuildConfiguration;
			buildSettings = {
				ASSETCATALOG_COMPILER_APPICON_NAME = AppIcon;
				ASSETCATALOG_COMPILER_GLOBAL_ACCENT_COLOR_NAME = AccentColor;
				CODE_SIGN_ENTITLEMENTS = macOS/macOS.entitlements;
				CODE_SIGN_IDENTITY = "-";
				CODE_SIGN_STYLE = Automatic;
				COMBINE_HIDPI_IMAGES = YES;
				DEVELOPMENT_TEAM = P3XJZ67L72;
				ENABLE_HARDENED_RUNTIME = YES;
				ENABLE_PREVIEWS = YES;
				HEADER_SEARCH_PATHS = "${PROJECT_DIR}/../ffmpeg/include";
				INFOPLIST_FILE = macOS/Info.plist;
				LD_RUNPATH_SEARCH_PATHS = (
					"$(inherited)",
					"@executable_path/../Frameworks",
				);
				LIBRARY_SEARCH_PATHS = "${PROJECT_DIR}/../ffmpeg/lib/x86_64";
				MACOSX_DEPLOYMENT_TARGET = 11.0;
				PRODUCT_BUNDLE_IDENTIFIER = com.test.test.SmuleFFmpeg;
				PRODUCT_NAME = SmuleFFmpeg;
				SDKROOT = macosx;
				SWIFT_OBJC_BRIDGING_HEADER = "macOS/SmuleFFmpeg (macOS)-Bridging-Header.h";
				SWIFT_VERSION = 5.0;
			};
			name = Release;
		};
/* End XCBuildConfiguration section */

/* Begin XCConfigurationList section */
		240938062653F5E500A688AB /* Build configuration list for PBXProject "SmuleFFmpeg" */ = {
			isa = XCConfigurationList;
			buildConfigurations = (
				240938212653F5E800A688AB /* Debug */,
				240938222653F5E800A688AB /* Release */,
			);
			defaultConfigurationIsVisible = 0;
			defaultConfigurationName = Release;
		};
		240938232653F5E800A688AB /* Build configuration list for PBXNativeTarget "SmuleFFmpeg (iOS)" */ = {
			isa = XCConfigurationList;
			buildConfigurations = (
				240938242653F5E800A688AB /* Debug */,
				240938252653F5E800A688AB /* Release */,
			);
			defaultConfigurationIsVisible = 0;
			defaultConfigurationName = Release;
		};
		240938262653F5E800A688AB /* Build configuration list for PBXNativeTarget "SmuleFFmpeg (macOS)" */ = {
			isa = XCConfigurationList;
			buildConfigurations = (
				240938272653F5E800A688AB /* Debug */,
				240938282653F5E800A688AB /* Release */,
			);
			defaultConfigurationIsVisible = 0;
			defaultConfigurationName = Release;
		};
/* End XCConfigurationList section */
	};
	rootObject = 240938032653F5E500A688AB /* Project object */;
}
